// !$*UTF8*$!
{
	archiveVersion = 1;
	classes = {
	};
	objectVersion = 50;
	objects = {

/* Begin PBXBuildFile section */
		9105F63E25AC367B00DFC45F /* AppDelegate.swift in Sources */ = {isa = PBXBuildFile; fileRef = 9105F63D25AC367B00DFC45F /* AppDelegate.swift */; };
		9105F64025AC367B00DFC45F /* SceneDelegate.swift in Sources */ = {isa = PBXBuildFile; fileRef = 9105F63F25AC367B00DFC45F /* SceneDelegate.swift */; };
		9105F64225AC367B00DFC45F /* ViewController.swift in Sources */ = {isa = PBXBuildFile; fileRef = 9105F64125AC367B00DFC45F /* ViewController.swift */; };
		9105F64525AC367B00DFC45F /* Main.storyboard in Resources */ = {isa = PBXBuildFile; fileRef = 9105F64325AC367B00DFC45F /* Main.storyboard */; };
		9105F64725AC367C00DFC45F /* Assets.xcassets in Resources */ = {isa = PBXBuildFile; fileRef = 9105F64625AC367C00DFC45F /* Assets.xcassets */; };
		9105F64A25AC367C00DFC45F /* LaunchScreen.storyboard in Resources */ = {isa = PBXBuildFile; fileRef = 9105F64825AC367C00DFC45F /* LaunchScreen.storyboard */; };
		9105F65625AC36CF00DFC45F /* SWRevealViewController.m in Sources */ = {isa = PBXBuildFile; fileRef = 9105F65425AC36CF00DFC45F /* SWRevealViewController.m */; };
		9105F65925AC376100DFC45F /* FrontViewController.swift in Sources */ = {isa = PBXBuildFile; fileRef = 9105F65825AC376100DFC45F /* FrontViewController.swift */; };
/* End PBXBuildFile section */

/* Begin PBXFileReference section */
		9105F63A25AC367B00DFC45F /* Chapter04-SideBar.app */ = {isa = PBXFileReference; explicitFileType = wrapper.application; includeInIndex = 0; path = "Chapter04-SideBar.app"; sourceTree = BUILT_PRODUCTS_DIR; };
		9105F63D25AC367B00DFC45F /* AppDelegate.swift */ = {isa = PBXFileReference; lastKnownFileType = sourcecode.swift; path = AppDelegate.swift; sourceTree = "<group>"; };
		9105F63F25AC367B00DFC45F /* SceneDelegate.swift */ = {isa = PBXFileReference; lastKnownFileType = sourcecode.swift; path = SceneDelegate.swift; sourceTree = "<group>"; };
		9105F64125AC367B00DFC45F /* ViewController.swift */ = {isa = PBXFileReference; lastKnownFileType = sourcecode.swift; path = ViewController.swift; sourceTree = "<group>"; };
		9105F64425AC367B00DFC45F /* Base */ = {isa = PBXFileReference; lastKnownFileType = file.storyboard; name = Base; path = Base.lproj/Main.storyboard; sourceTree = "<group>"; };
		9105F64625AC367C00DFC45F /* Assets.xcassets */ = {isa = PBXFileReference; lastKnownFileType = folder.assetcatalog; path = Assets.xcassets; sourceTree = "<group>"; };
		9105F64925AC367C00DFC45F /* Base */ = {isa = PBXFileReference; lastKnownFileType = file.storyboard; name = Base; path = Base.lproj/LaunchScreen.storyboard; sourceTree = "<group>"; };
		9105F64B25AC367C00DFC45F /* Info.plist */ = {isa = PBXFileReference; lastKnownFileType = text.plist.xml; path = Info.plist; sourceTree = "<group>"; };
		9105F65325AC36CE00DFC45F /* Chapter04-SideBar-Bridging-Header.h */ = {isa = PBXFileReference; lastKnownFileType = sourcecode.c.h; path = "Chapter04-SideBar-Bridging-Header.h"; sourceTree = "<group>"; };
		9105F65425AC36CF00DFC45F /* SWRevealViewController.m */ = {isa = PBXFileReference; fileEncoding = 4; lastKnownFileType = sourcecode.c.objc; path = SWRevealViewController.m; sourceTree = "<group>"; };
		9105F65525AC36CF00DFC45F /* SWRevealViewController.h */ = {isa = PBXFileReference; fileEncoding = 4; lastKnownFileType = sourcecode.c.h; path = SWRevealViewController.h; sourceTree = "<group>"; };
		9105F65825AC376100DFC45F /* FrontViewController.swift */ = {isa = PBXFileReference; lastKnownFileType = sourcecode.swift; path = FrontViewController.swift; sourceTree = "<group>"; };
/* End PBXFileReference section */

/* Begin PBXFrameworksBuildPhase section */
		9105F63725AC367B00DFC45F /* Frameworks */ = {
			isa = PBXFrameworksBuildPhase;
			buildActionMask = 2147483647;
			files = (
			);
			runOnlyForDeploymentPostprocessing = 0;
		};
/* End PBXFrameworksBuildPhase section */

/* Begin PBXGroup section */
		9105F63125AC367B00DFC45F = {
			isa = PBXGroup;
			children = (
				9105F63C25AC367B00DFC45F /* Chapter04-SideBar */,
				9105F63B25AC367B00DFC45F /* Products */,
			);
			sourceTree = "<group>";
		};
		9105F63B25AC367B00DFC45F /* Products */ = {
			isa = PBXGroup;
			children = (
				9105F63A25AC367B00DFC45F /* Chapter04-SideBar.app */,
			);
			name = Products;
			sourceTree = "<group>";
		};
		9105F63C25AC367B00DFC45F /* Chapter04-SideBar */ = {
			isa = PBXGroup;
			children = (
				9105F65325AC36CE00DFC45F /* Chapter04-SideBar-Bridging-Header.h */,
				9105F65525AC36CF00DFC45F /* SWRevealViewController.h */,
				9105F65425AC36CF00DFC45F /* SWRevealViewController.m */,
				9105F63D25AC367B00DFC45F /* AppDelegate.swift */,
				9105F63F25AC367B00DFC45F /* SceneDelegate.swift */,
				9105F64125AC367B00DFC45F /* ViewController.swift */,
				9105F64325AC367B00DFC45F /* Main.storyboard */,
				9105F65825AC376100DFC45F /* FrontViewController.swift */,
				9105F64625AC367C00DFC45F /* Assets.xcassets */,
				9105F64825AC367C00DFC45F /* LaunchScreen.storyboard */,
				9105F64B25AC367C00DFC45F /* Info.plist */,
			);
			path = "Chapter04-SideBar";
			sourceTree = "<group>";
		};
/* End PBXGroup section */

/* Begin PBXNativeTarget section */
		9105F63925AC367B00DFC45F /* Chapter04-SideBar */ = {
			isa = PBXNativeTarget;
			buildConfigurationList = 9105F64E25AC367C00DFC45F /* Build configuration list for PBXNativeTarget "Chapter04-SideBar" */;
			buildPhases = (
				9105F63625AC367B00DFC45F /* Sources */,
				9105F63725AC367B00DFC45F /* Frameworks */,
				9105F63825AC367B00DFC45F /* Resources */,
			);
			buildRules = (
			);
			dependencies = (
			);
			name = "Chapter04-SideBar";
			productName = "Chapter04-SideBar";
			productReference = 9105F63A25AC367B00DFC45F /* Chapter04-SideBar.app */;
			productType = "com.apple.product-type.application";
		};
/* End PBXNativeTarget section */

/* Begin PBXProject section */
		9105F63225AC367B00DFC45F /* Project object */ = {
			isa = PBXProject;
			attributes = {
				LastSwiftUpdateCheck = 1230;
				LastUpgradeCheck = 1230;
				TargetAttributes = {
					9105F63925AC367B00DFC45F = {
						CreatedOnToolsVersion = 12.3;
						LastSwiftMigration = 1230;
					};
				};
			};
			buildConfigurationList = 9105F63525AC367B00DFC45F /* Build configuration list for PBXProject "Chapter04-SideBar" */;
			compatibilityVersion = "Xcode 9.3";
			developmentRegion = en;
			hasScannedForEncodings = 0;
			knownRegions = (
				en,
				Base,
			);
			mainGroup = 9105F63125AC367B00DFC45F;
			productRefGroup = 9105F63B25AC367B00DFC45F /* Products */;
			projectDirPath = "";
			projectRoot = "";
			targets = (
				9105F63925AC367B00DFC45F /* Chapter04-SideBar */,
			);
		};
/* End PBXProject section */

/* Begin PBXResourcesBuildPhase section */
		9105F63825AC367B00DFC45F /* Resources */ = {
			isa = PBXResourcesBuildPhase;
			buildActionMask = 2147483647;
			files = (
				9105F64A25AC367C00DFC45F /* LaunchScreen.storyboard in Resources */,
				9105F64725AC367C00DFC45F /* Assets.xcassets in Resources */,
				9105F64525AC367B00DFC45F /* Main.storyboard in Resources */,
			);
			runOnlyForDeploymentPostprocessing = 0;
		};
/* End PBXResourcesBuildPhase section */

/* Begin PBXSourcesBuildPhase section */
		9105F63625AC367B00DFC45F /* Sources */ = {
			isa = PBXSourcesBuildPhase;
			buildActionMask = 2147483647;
			files = (
				9105F64225AC367B00DFC45F /* ViewController.swift in Sources */,
				9105F63E25AC367B00DFC45F /* AppDelegate.swift in Sources */,
				9105F65925AC376100DFC45F /* FrontViewController.swift in Sources */,
				9105F64025AC367B00DFC45F /* SceneDelegate.swift in Sources */,
				9105F65625AC36CF00DFC45F /* SWRevealViewController.m in Sources */,
			);
			runOnlyForDeploymentPostprocessing = 0;
		};
/* End PBXSourcesBuildPhase section */

/* Begin PBXVariantGroup section */
		9105F64325AC367B00DFC45F /* Main.storyboard */ = {
			isa = PBXVariantGroup;
			children = (
				9105F64425AC367B00DFC45F /* Base */,
			);
			name = Main.storyboard;
			sourceTree = "<group>";
		};
		9105F64825AC367C00DFC45F /* LaunchScreen.storyboard */ = {
			isa = PBXVariantGroup;
			children = (
				9105F64925AC367C00DFC45F /* Base */,
			);
			name = LaunchScreen.storyboard;
			sourceTree = "<group>";
		};
/* End PBXVariantGroup section */

/* Begin XCBuildConfiguration section */
		9105F64C25AC367C00DFC45F /* Debug */ = {
			isa = XCBuildConfiguration;
			buildSettings = {
				ALWAYS_SEARCH_USER_PATHS = NO;
				CLANG_ANALYZER_NONNULL = YES;
				CLANG_ANALYZER_NUMBER_OBJECT_CONVERSION = YES_AGGRESSIVE;
				CLANG_CXX_LANGUAGE_STANDARD = "gnu++14";
				CLANG_CXX_LIBRARY = "libc++";
				CLANG_ENABLE_MODULES = YES;
				CLANG_ENABLE_OBJC_ARC = YES;
				CLANG_ENABLE_OBJC_WEAK = YES;
				CLANG_WARN_BLOCK_CAPTURE_AUTORELEASING = YES;
				CLANG_WARN_BOOL_CONVERSION = YES;
				CLANG_WARN_COMMA = YES;
				CLANG_WARN_CONSTANT_CONVERSION = YES;
				CLANG_WARN_DEPRECATED_OBJC_IMPLEMENTATIONS = YES;
				CLANG_WARN_DIRECT_OBJC_ISA_USAGE = YES_ERROR;
				CLANG_WARN_DOCUMENTATION_COMMENTS = YES;
				CLANG_WARN_EMPTY_BODY = YES;
				CLANG_WARN_ENUM_CONVERSION = YES;
				CLANG_WARN_INFINITE_RECURSION = YES;
				CLANG_WARN_INT_CONVERSION = YES;
				CLANG_WARN_NON_LITERAL_NULL_CONVERSION = YES;
				CLANG_WARN_OBJC_IMPLICIT_RETAIN_SELF = YES;
				CLANG_WARN_OBJC_LITERAL_CONVERSION = YES;
				CLANG_WARN_OBJC_ROOT_CLASS = YES_ERROR;
				CLANG_WARN_QUOTED_INCLUDE_IN_FRAMEWORK_HEADER = YES;
				CLANG_WARN_RANGE_LOOP_ANALYSIS = YES;
				CLANG_WARN_STRICT_PROTOTYPES = YES;
				CLANG_WARN_SUSPICIOUS_MOVE = YES;
				CLANG_WARN_UNGUARDED_AVAILABILITY = YES_AGGRESSIVE;
				CLANG_WARN_UNREACHABLE_CODE = YES;
				CLANG_WARN__DUPLICATE_METHOD_MATCH = YES;
				COPY_PHASE_STRIP = NO;
				DEBUG_INFORMATION_FORMAT = dwarf;
				ENABLE_STRICT_OBJC_MSGSEND = YES;
				ENABLE_TESTABILITY = YES;
				GCC_C_LANGUAGE_STANDARD = gnu11;
				GCC_DYNAMIC_NO_PIC = NO;
				GCC_NO_COMMON_BLOCKS = YES;
				GCC_OPTIMIZATION_LEVEL = 0;
				GCC_PREPROCESSOR_DEFINITIONS = (
					"DEBUG=1",
					"$(inherited)",
				);
				GCC_WARN_64_TO_32_BIT_CONVERSION = YES;
				GCC_WARN_ABOUT_RETURN_TYPE = YES_ERROR;
				GCC_WARN_UNDECLARED_SELECTOR = YES;
				GCC_WARN_UNINITIALIZED_AUTOS = YES_AGGRESSIVE;
				GCC_WARN_UNUSED_FUNCTION = YES;
				GCC_WARN_UNUSED_VARIABLE = YES;
				IPHONEOS_DEPLOYMENT_TARGET = 14.3;
				MTL_ENABLE_DEBUG_INFO = INCLUDE_SOURCE;
				MTL_FAST_MATH = YES;
				ONLY_ACTIVE_ARCH = YES;
				SDKROOT = iphoneos;
				SWIFT_ACTIVE_COMPILATION_CONDITIONS = DEBUG;
				SWIFT_OPTIMIZATION_LEVEL = "-Onone";
			};
			name = Debug;
		};
		9105F64D25AC367C00DFC45F /* Release */ = {
			isa = XCBuildConfiguration;
			buildSettings = {
				ALWAYS_SEARCH_USER_PATHS = NO;
				CLANG_ANALYZER_NONNULL = YES;
				CLANG_ANALYZER_NUMBER_OBJECT_CONVERSION = YES_AGGRESSIVE;
				CLANG_CXX_LANGUAGE_STANDARD = "gnu++14";
				CLANG_CXX_LIBRARY = "libc++";
				CLANG_ENABLE_MODULES = YES;
				CLANG_ENABLE_OBJC_ARC = YES;
				CLANG_ENABLE_OBJC_WEAK = YES;
				CLANG_WARN_BLOCK_CAPTURE_AUTORELEASING = YES;
				CLANG_WARN_BOOL_CONVERSION = YES;
				CLANG_WARN_COMMA = YES;
				CLANG_WARN_CONSTANT_CONVERSION = YES;
				CLANG_WARN_DEPRECATED_OBJC_IMPLEMENTATIONS = YES;
				CLANG_WARN_DIRECT_OBJC_ISA_USAGE = YES_ERROR;
				CLANG_WARN_DOCUMENTATION_COMMENTS = YES;
				CLANG_WARN_EMPTY_BODY = YES;
				CLANG_WARN_ENUM_CONVERSION = YES;
				CLANG_WARN_INFINITE_RECURSION = YES;
				CLANG_WARN_INT_CONVERSION = YES;
				CLANG_WARN_NON_LITERAL_NULL_CONVERSION = YES;
				CLANG_WARN_OBJC_IMPLICIT_RETAIN_SELF = YES;
				CLANG_WARN_OBJC_LITERAL_CONVERSION = YES;
				CLANG_WARN_OBJC_ROOT_CLASS = YES_ERROR;
				CLANG_WARN_QUOTED_INCLUDE_IN_FRAMEWORK_HEADER = YES;
				CLANG_WARN_RANGE_LOOP_ANALYSIS = YES;
				CLANG_WARN_STRICT_PROTOTYPES = YES;
				CLANG_WARN_SUSPICIOUS_MOVE = YES;
				CLANG_WARN_UNGUARDED_AVAILABILITY = YES_AGGRESSIVE;
				CLANG_WARN_UNREACHABLE_CODE = YES;
				CLANG_WARN__DUPLICATE_METHOD_MATCH = YES;
				COPY_PHASE_STRIP = NO;
				DEBUG_INFORMATION_FORMAT = "dwarf-with-dsym";
				ENABLE_NS_ASSERTIONS = NO;
				ENABLE_STRICT_OBJC_MSGSEND = YES;
				GCC_C_LANGUAGE_STANDARD = gnu11;
				GCC_NO_COMMON_BLOCKS = YES;
				GCC_WARN_64_TO_32_BIT_CONVERSION = YES;
				GCC_WARN_ABOUT_RETURN_TYPE = YES_ERROR;
				GCC_WARN_UNDECLARED_SELECTOR = YES;
				GCC_WARN_UNINITIALIZED_AUTOS = YES_AGGRESSIVE;
				GCC_WARN_UNUSED_FUNCTION = YES;
				GCC_WARN_UNUSED_VARIABLE = YES;
				IPHONEOS_DEPLOYMENT_TARGET = 14.3;
				MTL_ENABLE_DEBUG_INFO = NO;
				MTL_FAST_MATH = YES;
				SDKROOT = iphoneos;
				SWIFT_COMPILATION_MODE = wholemodule;
				SWIFT_OPTIMIZATION_LEVEL = "-O";
				VALIDATE_PRODUCT = YES;
			};
			name = Release;
		};
		9105F64F25AC367C00DFC45F /* Debug */ = {
			isa = XCBuildConfiguration;
			buildSettings = {
				ASSETCATALOG_COMPILER_APPICON_NAME = AppIcon;
				ASSETCATALOG_COMPILER_GLOBAL_ACCENT_COLOR_NAME = AccentColor;
				CLANG_ENABLE_MODULES = YES;
				CODE_SIGN_STYLE = Automatic;
				DEVELOPMENT_TEAM = 5RA2K927XU;
				INFOPLIST_FILE = "Chapter04-SideBar/Info.plist";
				LD_RUNPATH_SEARCH_PATHS = (
					"$(inherited)",
					"@executable_path/Frameworks",
				);
				PRODUCT_BUNDLE_IDENTIFIER = "soohyeon.lee.Chapter04-SideBar";
				PRODUCT_NAME = "$(TARGET_NAME)";
				SWIFT_OBJC_BRIDGING_HEADER = "Chapter04-SideBar/Chapter04-SideBar-Bridging-Header.h";
				SWIFT_OPTIMIZATION_LEVEL = "-Onone";
				SWIFT_VERSION = 5.0;
				TARGETED_DEVICE_FAMILY = 1;
			};
			name = Debug;
		};
		9105F65025AC367C00DFC45F /* Release */ = {
			isa = XCBuildConfiguration;
			buildSettings = {
				ASSETCATALOG_COMPILER_APPICON_NAME = AppIcon;
				ASSETCATALOG_COMPILER_GLOBAL_ACCENT_COLOR_NAME = AccentColor;
				CLANG_ENABLE_MODULES = YES;
				CODE_SIGN_STYLE = Automatic;
				DEVELOPMENT_TEAM = 5RA2K927XU;
				INFOPLIST_FILE = "Chapter04-SideBar/Info.plist";
				LD_RUNPATH_SEARCH_PATHS = (
					"$(inherited)",
					"@executable_path/Frameworks",
				);
				PRODUCT_BUNDLE_IDENTIFIER = "soohyeon.lee.Chapter04-SideBar";
				PRODUCT_NAME = "$(TARGET_NAME)";
				SWIFT_OBJC_BRIDGING_HEADER = "Chapter04-SideBar/Chapter04-SideBar-Bridging-Header.h";
				SWIFT_VERSION = 5.0;
				TARGETED_DEVICE_FAMILY = 1;
			};
			name = Release;
		};
/* End XCBuildConfiguration section */

/* Begin XCConfigurationList section */
		9105F63525AC367B00DFC45F /* Build configuration list for PBXProject "Chapter04-SideBar" */ = {
			isa = XCConfigurationList;
			buildConfigurations = (
				9105F64C25AC367C00DFC45F /* Debug */,
				9105F64D25AC367C00DFC45F /* Release */,
			);
			defaultConfigurationIsVisible = 0;
			defaultConfigurationName = Release;
		};
		9105F64E25AC367C00DFC45F /* Build configuration list for PBXNativeTarget "Chapter04-SideBar" */ = {
			isa = XCConfigurationList;
			buildConfigurations = (
				9105F64F25AC367C00DFC45F /* Debug */,
				9105F65025AC367C00DFC45F /* Release */,
			);
			defaultConfigurationIsVisible = 0;
			defaultConfigurationName = Release;
		};
/* End XCConfigurationList section */
	};
	rootObject = 9105F63225AC367B00DFC45F /* Project object */;
}
